
Microsoft Visual Studio Solution File, Format Version 12.00
# Visual Studio Version 16
VisualStudioVersion = 16.0.32802.440
MinimumVisualStudioVersion = 10.0.40219.1
Project("{FAE04EC0-301F-11D3-BF4B-00C04F79EFBC}") = "CLIENTE_EJERCICIO_GUIA", "CLIENTE_EJERCICIO_GUIA\CLIENTE_EJERCICIO_GUIA.csproj", "{C258E4FA-3463-4BFE-AE31-076447B53094}"
EndProject
Global
	GlobalSection(SolutionConfigurationPlatforms) = preSolution
		Debug|Any CPU = Debug|Any CPU
		Release|Any CPU = Release|Any CPU
	EndGlobalSection
	GlobalSection(ProjectConfigurationPlatforms) = postSolution
		{C258E4FA-3463-4BFE-AE31-076447B53094}.Debug|Any CPU.ActiveCfg = Debug|Any CPU
		{C258E4FA-3463-4BFE-AE31-076447B53094}.Debug|Any CPU.Build.0 = Debug|Any CPU
		{C258E4FA-3463-4BFE-AE31-076447B53094}.Release|Any CPU.ActiveCfg = Release|Any CPU
		{C258E4FA-3463-4BFE-AE31-076447B53094}.Release|Any CPU.Build.0 = Release|Any CPU
	EndGlobalSection
	GlobalSection(SolutionProperties) = preSolution
		HideSolutionNode = FALSE
	EndGlobalSection
	GlobalSection(ExtensibilityGlobals) = postSolution
		SolutionGuid = {1FCB2A10-2027-40C7-A12D-8B2A427640DB}
	EndGlobalSection
EndGlobal
